<?xml version="1.0" encoding="utf-8"?>
<Project ToolsVersion="4.0" xmlns="http://schemas.microsoft.com/developer/msbuild/2003">
  <ItemGroup>
    <ClCompile Include="..\..\..\19_MSDB_LIB\tinyxml2-8.0.0\tinyxml2.cpp" />
    <ClCompile Include="src\array\memArray.cpp" />
    <ClCompile Include="src\index\attributeIndex.cpp" />
    <ClCompile Include="src\array\arrayMgr.cpp" />
    <ClCompile Include="src\array\attributeDesc.cpp" />
    <ClCompile Include="src\index\mmt.cpp" />
    <ClCompile Include="src\io\serializable.cpp" />
    <ClCompile Include="src\query\op\load\load_action.cpp" />
    <ClCompile Include="src\query\op\load\load_plan.cpp" />
    <ClCompile Include="src\query\op\mmt_build\mmt_build_action.cpp" />
    <ClCompile Include="src\query\op\mmt_build\mmt_build_plan.cpp" />
    <ClCompile Include="src\query\op\mmt_delta_decode\mmt_delta_decode_action.cpp" />
    <ClCompile Include="src\query\op\mmt_delta_decode\mmt_delta_decode_array.cpp" />
    <ClCompile Include="src\query\op\mmt_delta_decode\mmt_delta_decode_plan.cpp" />
    <ClCompile Include="src\query\op\mmt_delta_encode\mmt_delta_encode_action.cpp" />
    <ClCompile Include="src\query\op\mmt_delta_encode\mmt_delta_encode_array.cpp" />
    <ClCompile Include="src\query\op\mmt_delta_encode\mmt_delta_encode_plan.cpp" />
    <ClCompile Include="src\query\op\mmt_load\mmt_load_action.cpp" />
    <ClCompile Include="src\query\op\mmt_load\mmt_load_plan.cpp" />
    <ClCompile Include="src\query\op\mmt_save\mmt_save_action.cpp" />
    <ClCompile Include="src\query\op\mmt_save\mmt_save_plan.cpp" />
    <ClCompile Include="src\query\op\spiht_decode\spiht_decode_action.cpp" />
    <ClCompile Include="src\query\op\spiht_decode\spiht_decode_plan.cpp" />
    <ClCompile Include="src\query\op\spiht_encode\spiht_encode_action.cpp" />
    <ClCompile Include="src\query\op\spiht_encode\spiht_encode_plan.cpp" />
    <ClCompile Include="src\query\op\save\save_action.cpp" />
    <ClCompile Include="src\query\op\save\save_plan.cpp" />
    <ClCompile Include="src\query\op\wavelet_decode\wavelet_decode_action.cpp" />
    <ClCompile Include="src\query\op\wavelet_decode\wavelet_decode_array.cpp" />
    <ClCompile Include="src\query\op\wavelet_decode\wavelet_decode_plan.cpp" />
    <ClCompile Include="src\util\math.cpp" />
    <ClCompile Include="src\array\dimensionDesc.cpp" />
    <ClCompile Include="src\query\opAction.cpp" />
    <ClCompile Include="src\query\opParamSet.cpp" />
    <ClCompile Include="src\query\opPlan.cpp" />
    <ClCompile Include="src\query\opParam.cpp" />
    <ClCompile Include="src\query\op\wavelet_encode\wavelet_encode_action.cpp" />
    <ClCompile Include="src\query\op\wavelet_encode\wavelet_encode_array.cpp" />
    <ClCompile Include="src\query\op\wavelet_encode\wavelet_encode_plan.cpp" />
    <ClCompile Include="src\util\element.cpp" />
    <ClCompile Include="src\array\chunk.cpp" />
    <ClCompile Include="src\array\chunkBuffer.cpp" />
    <ClCompile Include="src\array\memChunkBuffer.cpp" />
    <ClCompile Include="src\array\arrayDesc.cpp" />
    <ClCompile Include="src\array\configArrays.cpp" />
    <ClCompile Include="src\system\config.cpp" />
    <ClCompile Include="src\array\buffer.cpp" />
    <ClCompile Include="src\io\file.cpp" />
    <ClCompile Include="src\array\array.cpp" />
    <ClCompile Include="src\array\compChunk.cpp" />
    <ClCompile Include="src\array\chunkDesc.cpp" />
    <ClCompile Include="src\io\bitstream.cpp" />
    <ClCompile Include="src\system\errorCodes.cpp" />
    <ClCompile Include="src\system\exceptions.cpp" />
    <ClCompile Include="src\system\storageMgr.cpp" />
    <ClCompile Include="src\util\singleton.cpp" />
    <ClCompile Include="src\compression\compact.cpp" />
    <ClCompile Include="src\compression\daubechies.cpp" />
    <ClCompile Include="src\compression\haar.cpp" />
    <ClCompile Include="src\compression\mmt_old.cpp" />
    <ClCompile Include="src\compression\wavelet.cpp" />
    <ClCompile Include="src\xml\tinyxml2.cpp" />
  </ItemGroup>
  <ItemGroup>
    <ClInclude Include="..\..\..\19_MSDB_LIB\tinyxml2-8.0.0\tinyxml2.h" />
    <ClInclude Include="include\array\array.h" />
    <ClInclude Include="include\array\arrayDesc.h" />
    <ClInclude Include="include\array\arrayId.h" />
    <ClInclude Include="include\array\attributeDesc.h" />
    <ClInclude Include="include\array\attributeId.h" />
    <ClInclude Include="include\array\block.h" />
    <ClInclude Include="include\array\buffer.h" />
    <ClInclude Include="include\array\chunk.h" />
    <ClInclude Include="include\array\chunkBuffer.h" />
    <ClInclude Include="include\array\chunkDesc.h" />
    <ClInclude Include="include\array\chunkId.h" />
    <ClInclude Include="include\array\chunkMgr.h" />
    <ClInclude Include="include\array\compBlock.h" />
    <ClInclude Include="include\array\compChunk.h" />
    <ClInclude Include="include\array\configArrays.h" />
    <ClInclude Include="include\array\dimensionDesc.h" />
    <ClInclude Include="include\array\dimensionId.h" />
    <ClInclude Include="include\array\memArray.h" />
    <ClInclude Include="include\array\memBlock.h" />
    <ClInclude Include="include\array\memChunkBuffer.h" />
    <ClInclude Include="include\compression\compression.h" />
    <ClInclude Include="include\index\mmt.h" />
    <ClInclude Include="include\index\attributeIndex.h" />
    <ClInclude Include="include\index\dimensionIndex.h" />
    <ClInclude Include="include\io\bitstream.h" />
    <ClInclude Include="include\io\io.h" />
    <ClInclude Include="include\io\serializable.h" />
    <ClInclude Include="include\query\operator.h" />
    <ClInclude Include="include\query\opParam.h" />
    <ClInclude Include="include\query\opParamSet.h" />
    <ClInclude Include="include\query\query.h" />
    <ClInclude Include="include\array\arrayMgr.h" />
    <ClInclude Include="include\query\opAction.h" />
    <ClInclude Include="include\query\opPlan.h" />
    <ClInclude Include="include\system\config.h" />
    <ClInclude Include="include\system\errorCodes.h" />
    <ClInclude Include="include\system\exceptions.h" />
    <ClInclude Include="include\system\storageMgr.h" />
    <ClInclude Include="include\util\coordinate.h" />
    <ClInclude Include="include\io\file.h" />
    <ClInclude Include="include\util\element.h" />
    <ClInclude Include="include\util\math.h" />
    <ClInclude Include="include\util\singleton.h" />
    <ClInclude Include="include\util\stringUtil.h" />
    <ClInclude Include="include\util\waveletIterator.h" />
    <ClInclude Include="include\compression\compact.h" />
    <ClInclude Include="include\compression\haar.h" />
    <ClInclude Include="include\compression\wavelet.h" />
    <ClInclude Include="include\xml\tinyxml2.h" />
    <ClInclude Include="src\query\op\load\load_action.h" />
    <ClInclude Include="src\query\op\load\load_plan.h" />
    <ClInclude Include="src\query\op\mmt_build\mmt_build_action.h" />
    <ClInclude Include="src\query\op\mmt_build\mmt_build_plan.h" />
    <ClInclude Include="src\query\op\mmt_delta_decode\mmt_delta_decode_action.h" />
    <ClInclude Include="src\query\op\mmt_delta_decode\mmt_delta_decode_array.h" />
    <ClInclude Include="src\query\op\mmt_delta_decode\mmt_delta_decode_plan.h" />
    <ClInclude Include="src\query\op\mmt_delta_encode\mmt_delta_encode_action.h" />
    <ClInclude Include="src\query\op\mmt_delta_encode\mmt_delta_encode_array.h" />
    <ClInclude Include="src\query\op\mmt_delta_encode\mmt_delta_encode_plan.h" />
    <ClInclude Include="src\query\op\mmt_load\mmt_load_action.h" />
    <ClInclude Include="src\query\op\mmt_load\mmt_load_plan.h" />
    <ClInclude Include="src\query\op\mmt_save\mmt_save_action.h" />
    <ClInclude Include="src\query\op\mmt_save\mmt_save_plan.h" />
    <ClInclude Include="src\query\op\spiht_decode\spiht_decode_action.h" />
    <ClInclude Include="src\query\op\spiht_decode\spiht_decode_plan.h" />
    <ClInclude Include="src\query\op\spiht_encode\spiht_encode_action.h" />
    <ClInclude Include="src\query\op\spiht_encode\spiht_encode_plan.h" />
    <ClInclude Include="src\query\op\save\save_action.h" />
    <ClInclude Include="src\query\op\save\save_plan.h" />
    <ClInclude Include="src\query\op\wavelet_decode\wavelet_decode_action.h" />
    <ClInclude Include="src\query\op\wavelet_decode\wavelet_decode_array.h" />
    <ClInclude Include="src\query\op\wavelet_decode\wavelet_decode_plan.h" />
    <ClInclude Include="src\query\op\wavelet_encode\wavelet_encode_action.h" />
    <ClInclude Include="src\query\op\wavelet_encode\wavelet_encode_array.h" />
    <ClInclude Include="src\query\op\wavelet_encode\wavelet_encode_plan.h" />
  </ItemGroup>
  <ItemGroup>
    <None Include="include\system\errorCategories.inc" />
    <None Include="include\system\errors.inc" />
  </ItemGroup>
</Project>